
Microsoft Visual Studio Solution File, Format Version 12.00
# Visual Studio Version 17
VisualStudioVersion = 17.5.002.0
MinimumVisualStudioVersion = 10.0.40219.1
Project("{2150E333-8FDC-42A3-9474-1A3956D46DE8}") = "src", "src", "{6532D5F7-7C73-47DC-A38C-6C74C7C1F874}"
EndProject
Project("{9A19103F-16F7-4668-BE54-9A1E7A4F7556}") = "Core.JsonSerializer", "src\Core.JsonSerializer\Core.JsonSerializer.csproj", "{F318EE57-99E3-4504-99E3-6A76EF879FD5}"
EndProject
Global
	GlobalSection(SolutionConfigurationPlatforms) = preSolution
		Debug|Any CPU = Debug|Any CPU
		Release|Any CPU = Release|Any CPU
	EndGlobalSection
	GlobalSection(ProjectConfigurationPlatforms) = postSolution
		{F318EE57-99E3-4504-99E3-6A76EF879FD5}.Debug|Any CPU.ActiveCfg = Debug|Any CPU
		{F318EE57-99E3-4504-99E3-6A76EF879FD5}.Debug|Any CPU.Build.0 = Debug|Any CPU
		{F318EE57-99E3-4504-99E3-6A76EF879FD5}.Release|Any CPU.ActiveCfg = Release|Any CPU
		{F318EE57-99E3-4504-99E3-6A76EF879FD5}.Release|Any CPU.Build.0 = Release|Any CPU
	EndGlobalSection
	GlobalSection(SolutionProperties) = preSolution
		HideSolutionNode = FALSE
	EndGlobalSection
	GlobalSection(NestedProjects) = preSolution
		{F318EE57-99E3-4504-99E3-6A76EF879FD5} = {6532D5F7-7C73-47DC-A38C-6C74C7C1F874}
	EndGlobalSection
	GlobalSection(ExtensibilityGlobals) = postSolution
		SolutionGuid = {995BDA12-815C-4D6E-A55F-5140A32E737D}
	EndGlobalSection
EndGlobal
